
Microsoft Visual Studio Solution File, Format Version 12.00
# Visual Studio Version 16
VisualStudioVersion = 16.0.31025.194
MinimumVisualStudioVersion = 10.0.40219.1
Project("{FAE04EC0-301F-11D3-BF4B-00C04F79EFBC}") = "DotNetDates", "DotNetDates\DotNetDates.csproj", "{44E267C6-CA2A-4EB8-9E36-B3799A7FED03}"
EndProject
Project("{F2A71F9B-5D33-465A-A702-920D77279786}") = "DotNetDates.FSharp", "DotNetDates.FSharp\DotNetDates.FSharp.fsproj", "{A229B604-653E-4434-B433-AAA0D2AAD8F3}"
EndProject
Global
	GlobalSection(SolutionConfigurationPlatforms) = preSolution
		Debug|Any CPU = Debug|Any CPU
		Release|Any CPU = Release|Any CPU
	EndGlobalSection
	GlobalSection(ProjectConfigurationPlatforms) = postSolution
		{44E267C6-CA2A-4EB8-9E36-B3799A7FED03}.Debug|Any CPU.ActiveCfg = Debug|Any CPU
		{44E267C6-CA2A-4EB8-9E36-B3799A7FED03}.Debug|Any CPU.Build.0 = Debug|Any CPU
		{44E267C6-CA2A-4EB8-9E36-B3799A7FED03}.Release|Any CPU.ActiveCfg = Release|Any CPU
		{44E267C6-CA2A-4EB8-9E36-B3799A7FED03}.Release|Any CPU.Build.0 = Release|Any CPU
		{A229B604-653E-4434-B433-AAA0D2AAD8F3}.Debug|Any CPU.ActiveCfg = Debug|Any CPU
		{A229B604-653E-4434-B433-AAA0D2AAD8F3}.Debug|Any CPU.Build.0 = Debug|Any CPU
		{A229B604-653E-4434-B433-AAA0D2AAD8F3}.Release|Any CPU.ActiveCfg = Release|Any CPU
		{A229B604-653E-4434-B433-AAA0D2AAD8F3}.Release|Any CPU.Build.0 = Release|Any CPU
	EndGlobalSection
	GlobalSection(SolutionProperties) = preSolution
		HideSolutionNode = FALSE
	EndGlobalSection
	GlobalSection(ExtensibilityGlobals) = postSolution
		SolutionGuid = {55D2EA19-0146-42D1-9E3D-333A20A0E63F}
	EndGlobalSection
EndGlobal
